<?xml version="1.0" encoding="utf-8"?>
<Project ToolsVersion="4.0" xmlns="http://schemas.microsoft.com/developer/msbuild/2003">
  <ItemGroup>
    <Filter Include="Quelldateien">
      <UniqueIdentifier>{4FC737F1-C7A5-4376-A066-2A32D752A2FF}</UniqueIdentifier>
      <Extensions>cpp;c;cc;cxx;h</Extensions>
    </Filter>
    <Filter Include="Quelldateien\Log">
      <UniqueIdentifier>{a414af43-41a9-4aca-8990-45c72fe98779}</UniqueIdentifier>
      <Extensions>cpp;c;cc;cxx;h</Extensions>
    </Filter>
  </ItemGroup>
  <ItemGroup>
    <ClInclude Include="..\..\include\EnumHelper.h">
      <Filter>Quelldateien</Filter>
    </ClInclude>
    <ClInclude Include="..\..\include\IntegerTypes.h">
      <Filter>Quelldateien</Filter>
    </ClInclude>
    <ClInclude Include="..\..\include\Logging.h">
      <Filter>Quelldateien</Filter>
    </ClInclude>
    <ClInclude Include="..\..\include\Clock.h">
      <Filter>Quelldateien</Filter>
    </ClInclude>
    <ClInclude Include="..\..\include\Log\Log.h">
      <Filter>Quelldateien\Log</Filter>
    </ClInclude>
    <ClInclude Include="..\..\include\log\Format.h">
      <Filter>Quelldateien\Log</Filter>
    </ClInclude>
    <ClInclude Include="..\..\include\log\Attributes.h">
      <Filter>Quelldateien\Log</Filter>
    </ClInclude>
    <ClInclude Include="..\..\include\log\Sinks.h">
      <Filter>Quelldateien\Log</Filter>
    </ClInclude>
    <ClInclude Include="..\..\include\CommonMacros.h">
      <Filter>Quelldateien</Filter>
    </ClInclude>
    <ClInclude Include="..\..\include\log\Record.h">
      <Filter>Quelldateien\Log</Filter>
    </ClInclude>
    <ClInclude Include="..\..\include\Trace.h">
      <Filter>Quelldateien</Filter>
    </ClInclude>
    <ClInclude Include="..\..\include\Utilities.h">
      <Filter>Quelldateien</Filter>
    </ClInclude>
  </ItemGroup>
  <ItemGroup>
    <ClCompile Include="..\..\src\Logging.cpp">
      <Filter>Quelldateien</Filter>
    </ClCompile>
    <ClCompile Include="..\..\src\Clock.cpp">
      <Filter>Quelldateien</Filter>
    </ClCompile>
    <ClCompile Include="..\..\src\Log\Log.cpp">
      <Filter>Quelldateien\Log</Filter>
    </ClCompile>
    <ClCompile Include="..\..\src\log\Format.cpp">
      <Filter>Quelldateien\Log</Filter>
    </ClCompile>
    <ClCompile Include="..\..\src\log\Attributes.cpp">
      <Filter>Quelldateien\Log</Filter>
    </ClCompile>
    <ClCompile Include="..\..\src\log\Sinks.cpp">
      <Filter>Quelldateien\Log</Filter>
    </ClCompile>
    <ClCompile Include="..\..\src\log\Record.cpp">
      <Filter>Quelldateien\Log</Filter>
    </ClCompile>
    <ClCompile Include="..\..\src\Trace.cpp">
      <Filter>Quelldateien</Filter>
    </ClCompile>
    <ClCompile Include="..\..\src\Utilities.cpp">
      <Filter>Quelldateien</Filter>
    </ClCompile>
  </ItemGroup>
</Project>